
Microsoft Visual Studio Solution File, Format Version 12.00
# Visual Studio Version 16
VisualStudioVersion = 16.0.30104.148
MinimumVisualStudioVersion = 10.0.40219.1
Project("{FAE04EC0-301F-11D3-BF4B-00C04F79EFBC}") = "More Traits", "More Traits.csproj", "{95292AFB-DFE8-471C-BEEC-04B82FEC1179}"
EndProject
Global
	GlobalSection(SolutionConfigurationPlatforms) = preSolution
		Debug|Any CPU = Debug|Any CPU
		Release|Any CPU = Release|Any CPU
	EndGlobalSection
	GlobalSection(ProjectConfigurationPlatforms) = postSolution
		{95292AFB-DFE8-471C-BEEC-04B82FEC1179}.Debug|Any CPU.ActiveCfg = Debug|Any CPU
		{95292AFB-DFE8-471C-BEEC-04B82FEC1179}.Debug|Any CPU.Build.0 = Debug|Any CPU
		{95292AFB-DFE8-471C-BEEC-04B82FEC1179}.Release|Any CPU.ActiveCfg = Release|Any CPU
		{95292AFB-DFE8-471C-BEEC-04B82FEC1179}.Release|Any CPU.Build.0 = Release|Any CPU
	EndGlobalSection
	GlobalSection(SolutionProperties) = preSolution
		HideSolutionNode = FALSE
	EndGlobalSection
	GlobalSection(ExtensibilityGlobals) = postSolution
		SolutionGuid = {56AC8445-4A2C-49F2-A79C-EF2E9D9C35F1}
	EndGlobalSection
EndGlobal
